{
    "requires": true,
    "lockfileVersion": 1,
    "dependencies": {
        "imask": {
            "version": "4.1.5",
            "resolved": "https://registry.npmjs.org/imask/-/imask-4.1.5.tgz",
            "integrity": "sha512-n9e3KkJxe6YZKueT02I8/tXpC0vzxmSzoBB5BPi6OPq0rp7qOZfXN5777Dkw6WEYRswlsxm+7pl7WocsG0LWyA=="
        },
        "v-credit-card": {
            "version": "1.2.4",
            "resolved": "https://registry.npmjs.org/v-credit-card/-/v-credit-card-1.2.4.tgz",
            "integrity": "sha512-vyq6CoUca4Q7LsMuobnrKjXIDCHJBAqPrFUWKjlXSV+YUH/+NR+A8XxpgyYUtdZ3secxMiaz6GDmQbee8khVkQ==",
            "requires": {
                "imask": "^4.1.5",
                "vue": "^2.6.10"
            }
        },
        "vue": {
            "version": "2.6.12",
            "resolved": "https://registry.npmjs.org/vue/-/vue-2.6.12.tgz",
            "integrity": "sha512-uhmLFETqPPNyuLLbsKz6ioJ4q7AZHzD8ZVFNATNyICSZouqP2Sz0rotWQC8UNBF6VGSCs5abnKJoStA6JbCbfg=="
        }
    }
}
